
Microsoft Visual Studio Solution File, Format Version 12.00
# Visual Studio 15
VisualStudioVersion = 15.0.28307.1259
MinimumVisualStudioVersion = 10.0.40219.1
Project("{FAE04EC0-301F-11D3-BF4B-00C04F79EFBC}") = "28.01.2021 - clasResults", "28.01.2021 - clasResults\28.01.2021 - clasResults.csproj", "{1F85CB48-EF1A-4C9D-8376-0A36C4C8F3CC}"
EndProject
Global
	GlobalSection(SolutionConfigurationPlatforms) = preSolution
		Debug|Any CPU = Debug|Any CPU
		Release|Any CPU = Release|Any CPU
	EndGlobalSection
	GlobalSection(ProjectConfigurationPlatforms) = postSolution
		{1F85CB48-EF1A-4C9D-8376-0A36C4C8F3CC}.Debug|Any CPU.ActiveCfg = Debug|Any CPU
		{1F85CB48-EF1A-4C9D-8376-0A36C4C8F3CC}.Debug|Any CPU.Build.0 = Debug|Any CPU
		{1F85CB48-EF1A-4C9D-8376-0A36C4C8F3CC}.Release|Any CPU.ActiveCfg = Release|Any CPU
		{1F85CB48-EF1A-4C9D-8376-0A36C4C8F3CC}.Release|Any CPU.Build.0 = Release|Any CPU
	EndGlobalSection
	GlobalSection(SolutionProperties) = preSolution
		HideSolutionNode = FALSE
	EndGlobalSection
	GlobalSection(ExtensibilityGlobals) = postSolution
		SolutionGuid = {27EF606C-7908-49F0-B5A9-790C6D86AED0}
	EndGlobalSection
EndGlobal
